
Microsoft Visual Studio Solution File, Format Version 12.00
# Visual Studio Version 16
VisualStudioVersion = 16.0.29424.173
MinimumVisualStudioVersion = 10.0.40219.1
Project("{9A19103F-16F7-4668-BE54-9A1E7A4F7556}") = "LogApp", "LogApp.csproj", "{EA01FECC-6DF9-4350-9A6F-50314C2109A7}"
EndProject
Project("{9A19103F-16F7-4668-BE54-9A1E7A4F7556}") = "LogApp.Core", "..\LogApp.Core\LogApp.Core.csproj", "{35018F18-C16A-4F9A-A303-41EAD2560B3F}"
EndProject
Project("{9A19103F-16F7-4668-BE54-9A1E7A4F7556}") = "LogApp.DAL", "..\LogApp.DAL\LogApp.DAL.csproj", "{D9F15E23-39F8-4FC7-9172-6CF29FB6D234}"
EndProject
Project("{9A19103F-16F7-4668-BE54-9A1E7A4F7556}") = "LogApp.Services", "..\LogApp.Services\LogApp.Services.csproj", "{B966808D-24A0-49EE-91BF-331F02424CB4}"
EndProject
Global
	GlobalSection(SolutionConfigurationPlatforms) = preSolution
		Debug|Any CPU = Debug|Any CPU
		Release|Any CPU = Release|Any CPU
	EndGlobalSection
	GlobalSection(ProjectConfigurationPlatforms) = postSolution
		{EA01FECC-6DF9-4350-9A6F-50314C2109A7}.Debug|Any CPU.ActiveCfg = Debug|Any CPU
		{EA01FECC-6DF9-4350-9A6F-50314C2109A7}.Debug|Any CPU.Build.0 = Debug|Any CPU
		{EA01FECC-6DF9-4350-9A6F-50314C2109A7}.Release|Any CPU.ActiveCfg = Release|Any CPU
		{EA01FECC-6DF9-4350-9A6F-50314C2109A7}.Release|Any CPU.Build.0 = Release|Any CPU
		{35018F18-C16A-4F9A-A303-41EAD2560B3F}.Debug|Any CPU.ActiveCfg = Debug|Any CPU
		{35018F18-C16A-4F9A-A303-41EAD2560B3F}.Debug|Any CPU.Build.0 = Debug|Any CPU
		{35018F18-C16A-4F9A-A303-41EAD2560B3F}.Release|Any CPU.ActiveCfg = Release|Any CPU
		{35018F18-C16A-4F9A-A303-41EAD2560B3F}.Release|Any CPU.Build.0 = Release|Any CPU
		{D9F15E23-39F8-4FC7-9172-6CF29FB6D234}.Debug|Any CPU.ActiveCfg = Debug|Any CPU
		{D9F15E23-39F8-4FC7-9172-6CF29FB6D234}.Debug|Any CPU.Build.0 = Debug|Any CPU
		{D9F15E23-39F8-4FC7-9172-6CF29FB6D234}.Release|Any CPU.ActiveCfg = Release|Any CPU
		{D9F15E23-39F8-4FC7-9172-6CF29FB6D234}.Release|Any CPU.Build.0 = Release|Any CPU
		{B966808D-24A0-49EE-91BF-331F02424CB4}.Debug|Any CPU.ActiveCfg = Debug|Any CPU
		{B966808D-24A0-49EE-91BF-331F02424CB4}.Debug|Any CPU.Build.0 = Debug|Any CPU
		{B966808D-24A0-49EE-91BF-331F02424CB4}.Release|Any CPU.ActiveCfg = Release|Any CPU
		{B966808D-24A0-49EE-91BF-331F02424CB4}.Release|Any CPU.Build.0 = Release|Any CPU
	EndGlobalSection
	GlobalSection(SolutionProperties) = preSolution
		HideSolutionNode = FALSE
	EndGlobalSection
	GlobalSection(ExtensibilityGlobals) = postSolution
		SolutionGuid = {BCB0C7F9-D979-4CED-8403-74FB207C26A3}
	EndGlobalSection
EndGlobal
